// !$*UTF8*$!
{
	archiveVersion = 1;
	classes = {
	};
	objectVersion = 46;
	objects = {

/* Begin PBXBuildFile section */
		5007BD4718281633005ED5F2 /* Foundation.framework in Frameworks */ = {isa = PBXBuildFile; fileRef = 5049E7E01827F56600AEFD69 /* Foundation.framework */; };
		5007BD4818281633005ED5F2 /* CoreGraphics.framework in Frameworks */ = {isa = PBXBuildFile; fileRef = 5049E7E21827F56600AEFD69 /* CoreGraphics.framework */; };
		5007BD4918281633005ED5F2 /* UIKit.framework in Frameworks */ = {isa = PBXBuildFile; fileRef = 5049E7E41827F56600AEFD69 /* UIKit.framework */; };
		5007BD4F18281633005ED5F2 /* InfoPlist.strings in Resources */ = {isa = PBXBuildFile; fileRef = 5007BD4D18281633005ED5F2 /* InfoPlist.strings */; };
		5007BD5118281633005ED5F2 /* main.m in Sources */ = {isa = PBXBuildFile; fileRef = 5007BD5018281633005ED5F2 /* main.m */; };
		5007BD5518281633005ED5F2 /* FXAppDelegate.m in Sources */ = {isa = PBXBuildFile; fileRef = 5007BD5418281633005ED5F2 /* FXAppDelegate.m */; };
		5007BD5818281633005ED5F2 /* Main.storyboard in Resources */ = {isa = PBXBuildFile; fileRef = 5007BD5618281633005ED5F2 /* Main.storyboard */; };
		5007BD5B18281633005ED5F2 /* FXViewController.m in Sources */ = {isa = PBXBuildFile; fileRef = 5007BD5A18281633005ED5F2 /* FXViewController.m */; };
		5007BD5D18281633005ED5F2 /* Images.xcassets in Resources */ = {isa = PBXBuildFile; fileRef = 5007BD5C18281633005ED5F2 /* Images.xcassets */; };
		5007BD8718281F86005ED5F2 /* FXColorModels.m in Sources */ = {isa = PBXBuildFile; fileRef = 5007BD7718281F86005ED5F2 /* FXColorModels.m */; };
		5007BD8818281F86005ED5F2 /* UIColor+FXColorSpace.m in Sources */ = {isa = PBXBuildFile; fileRef = 5007BD7A18281F86005ED5F2 /* UIColor+FXColorSpace.m */; };
		5007BD8918281F86005ED5F2 /* UIImage+FXAlpha.m in Sources */ = {isa = PBXBuildFile; fileRef = 5007BD7C18281F86005ED5F2 /* UIImage+FXAlpha.m */; };
		5007BD8A18281F86005ED5F2 /* UIImage+FXImageCreation.m in Sources */ = {isa = PBXBuildFile; fileRef = 5007BD7E18281F86005ED5F2 /* UIImage+FXImageCreation.m */; };
		5007BD8B18281F86005ED5F2 /* UIImage+FXPixelEmumeration.m in Sources */ = {isa = PBXBuildFile; fileRef = 5007BD8018281F86005ED5F2 /* UIImage+FXPixelEmumeration.m */; };
		5007BD8C18281F86005ED5F2 /* UIImage+FXResize.m in Sources */ = {isa = PBXBuildFile; fileRef = 5007BD8218281F86005ED5F2 /* UIImage+FXResize.m */; };
		5007BD8D18281F86005ED5F2 /* UIImage+FXRoundedCorner.m in Sources */ = {isa = PBXBuildFile; fileRef = 5007BD8418281F86005ED5F2 /* UIImage+FXRoundedCorner.m */; };
		5007BD8E18281F86005ED5F2 /* UIImage+NSFastEnumeration.m in Sources */ = {isa = PBXBuildFile; fileRef = 5007BD8618281F86005ED5F2 /* UIImage+NSFastEnumeration.m */; };
/* End PBXBuildFile section */

/* Begin PBXFileReference section */
		5007BD4618281633005ED5F2 /* FXColorSpaceApp.app */ = {isa = PBXFileReference; explicitFileType = wrapper.application; includeInIndex = 0; path = FXColorSpaceApp.app; sourceTree = BUILT_PRODUCTS_DIR; };
		5007BD4C18281633005ED5F2 /* FXColorSpaceApp-Info.plist */ = {isa = PBXFileReference; lastKnownFileType = text.plist.xml; path = "FXColorSpaceApp-Info.plist"; sourceTree = "<group>"; };
		5007BD4E18281633005ED5F2 /* en */ = {isa = PBXFileReference; lastKnownFileType = text.plist.strings; name = en; path = en.lproj/InfoPlist.strings; sourceTree = "<group>"; };
		5007BD5018281633005ED5F2 /* main.m */ = {isa = PBXFileReference; lastKnownFileType = sourcecode.c.objc; path = main.m; sourceTree = "<group>"; };
		5007BD5218281633005ED5F2 /* FXColorSpaceApp-Prefix.pch */ = {isa = PBXFileReference; lastKnownFileType = sourcecode.c.h; path = "FXColorSpaceApp-Prefix.pch"; sourceTree = "<group>"; };
		5007BD5318281633005ED5F2 /* FXAppDelegate.h */ = {isa = PBXFileReference; lastKnownFileType = sourcecode.c.h; path = FXAppDelegate.h; sourceTree = "<group>"; };
		5007BD5418281633005ED5F2 /* FXAppDelegate.m */ = {isa = PBXFileReference; lastKnownFileType = sourcecode.c.objc; path = FXAppDelegate.m; sourceTree = "<group>"; };
		5007BD5718281633005ED5F2 /* Base */ = {isa = PBXFileReference; lastKnownFileType = file.storyboard; name = Base; path = Base.lproj/Main.storyboard; sourceTree = "<group>"; };
		5007BD5918281633005ED5F2 /* FXViewController.h */ = {isa = PBXFileReference; lastKnownFileType = sourcecode.c.h; path = FXViewController.h; sourceTree = "<group>"; };
		5007BD5A18281633005ED5F2 /* FXViewController.m */ = {isa = PBXFileReference; lastKnownFileType = sourcecode.c.objc; path = FXViewController.m; sourceTree = "<group>"; };
		5007BD5C18281633005ED5F2 /* Images.xcassets */ = {isa = PBXFileReference; lastKnownFileType = folder.assetcatalog; path = Images.xcassets; sourceTree = "<group>"; };
		5007BD7618281F86005ED5F2 /* FXColorModels.h */ = {isa = PBXFileReference; fileEncoding = 4; lastKnownFileType = sourcecode.c.h; path = FXColorModels.h; sourceTree = "<group>"; };
		5007BD7718281F86005ED5F2 /* FXColorModels.m */ = {isa = PBXFileReference; fileEncoding = 4; lastKnownFileType = sourcecode.c.objc; path = FXColorModels.m; sourceTree = "<group>"; };
		5007BD7818281F86005ED5F2 /* FXColorSpace.h */ = {isa = PBXFileReference; fileEncoding = 4; lastKnownFileType = sourcecode.c.h; path = FXColorSpace.h; sourceTree = "<group>"; };
		5007BD7918281F86005ED5F2 /* UIColor+FXColorSpace.h */ = {isa = PBXFileReference; fileEncoding = 4; lastKnownFileType = sourcecode.c.h; path = "UIColor+FXColorSpace.h"; sourceTree = "<group>"; };
		5007BD7A18281F86005ED5F2 /* UIColor+FXColorSpace.m */ = {isa = PBXFileReference; fileEncoding = 4; lastKnownFileType = sourcecode.c.objc; path = "UIColor+FXColorSpace.m"; sourceTree = "<group>"; };
		5007BD7B18281F86005ED5F2 /* UIImage+FXAlpha.h */ = {isa = PBXFileReference; fileEncoding = 4; lastKnownFileType = sourcecode.c.h; path = "UIImage+FXAlpha.h"; sourceTree = "<group>"; };
		5007BD7C18281F86005ED5F2 /* UIImage+FXAlpha.m */ = {isa = PBXFileReference; fileEncoding = 4; lastKnownFileType = sourcecode.c.objc; path = "UIImage+FXAlpha.m"; sourceTree = "<group>"; };
		5007BD7D18281F86005ED5F2 /* UIImage+FXImageCreation.h */ = {isa = PBXFileReference; fileEncoding = 4; lastKnownFileType = sourcecode.c.h; path = "UIImage+FXImageCreation.h"; sourceTree = "<group>"; };
		5007BD7E18281F86005ED5F2 /* UIImage+FXImageCreation.m */ = {isa = PBXFileReference; fileEncoding = 4; lastKnownFileType = sourcecode.c.objc; path = "UIImage+FXImageCreation.m"; sourceTree = "<group>"; };
		5007BD7F18281F86005ED5F2 /* UIImage+FXPixelEmumeration.h */ = {isa = PBXFileReference; fileEncoding = 4; lastKnownFileType = sourcecode.c.h; path = "UIImage+FXPixelEmumeration.h"; sourceTree = "<group>"; };
		5007BD8018281F86005ED5F2 /* UIImage+FXPixelEmumeration.m */ = {isa = PBXFileReference; fileEncoding = 4; lastKnownFileType = sourcecode.c.objc; path = "UIImage+FXPixelEmumeration.m"; sourceTree = "<group>"; };
		5007BD8118281F86005ED5F2 /* UIImage+FXResize.h */ = {isa = PBXFileReference; fileEncoding = 4; lastKnownFileType = sourcecode.c.h; path = "UIImage+FXResize.h"; sourceTree = "<group>"; };
		5007BD8218281F86005ED5F2 /* UIImage+FXResize.m */ = {isa = PBXFileReference; fileEncoding = 4; lastKnownFileType = sourcecode.c.objc; path = "UIImage+FXResize.m"; sourceTree = "<group>"; };
		5007BD8318281F86005ED5F2 /* UIImage+FXRoundedCorner.h */ = {isa = PBXFileReference; fileEncoding = 4; lastKnownFileType = sourcecode.c.h; path = "UIImage+FXRoundedCorner.h"; sourceTree = "<group>"; };
		5007BD8418281F86005ED5F2 /* UIImage+FXRoundedCorner.m */ = {isa = PBXFileReference; fileEncoding = 4; lastKnownFileType = sourcecode.c.objc; path = "UIImage+FXRoundedCorner.m"; sourceTree = "<group>"; };
		5007BD8518281F86005ED5F2 /* UIImage+NSFastEnumeration.h */ = {isa = PBXFileReference; fileEncoding = 4; lastKnownFileType = sourcecode.c.h; path = "UIImage+NSFastEnumeration.h"; sourceTree = "<group>"; };
		5007BD8618281F86005ED5F2 /* UIImage+NSFastEnumeration.m */ = {isa = PBXFileReference; fileEncoding = 4; lastKnownFileType = sourcecode.c.objc; path = "UIImage+NSFastEnumeration.m"; sourceTree = "<group>"; };
		5049E7E01827F56600AEFD69 /* Foundation.framework */ = {isa = PBXFileReference; lastKnownFileType = wrapper.framework; name = Foundation.framework; path = System/Library/Frameworks/Foundation.framework; sourceTree = SDKROOT; };
		5049E7E21827F56600AEFD69 /* CoreGraphics.framework */ = {isa = PBXFileReference; lastKnownFileType = wrapper.framework; name = CoreGraphics.framework; path = System/Library/Frameworks/CoreGraphics.framework; sourceTree = SDKROOT; };
		5049E7E41827F56600AEFD69 /* UIKit.framework */ = {isa = PBXFileReference; lastKnownFileType = wrapper.framework; name = UIKit.framework; path = System/Library/Frameworks/UIKit.framework; sourceTree = SDKROOT; };
		5049E8021827F56700AEFD69 /* XCTest.framework */ = {isa = PBXFileReference; lastKnownFileType = wrapper.framework; name = XCTest.framework; path = Library/Frameworks/XCTest.framework; sourceTree = DEVELOPER_DIR; };
		5049E8311827F7BA00AEFD69 /* README.md */ = {isa = PBXFileReference; lastKnownFileType = text; path = README.md; sourceTree = "<group>"; };
		5049E8391828112F00AEFD69 /* FXColorSpace.podspec */ = {isa = PBXFileReference; lastKnownFileType = text; path = FXColorSpace.podspec; sourceTree = "<group>"; };
		5049E83A1828112F00AEFD69 /* LICENSE */ = {isa = PBXFileReference; lastKnownFileType = text; path = LICENSE; sourceTree = "<group>"; };
/* End PBXFileReference section */

/* Begin PBXFrameworksBuildPhase section */
		5007BD4318281633005ED5F2 /* Frameworks */ = {
			isa = PBXFrameworksBuildPhase;
			buildActionMask = 2147483647;
			files = (
				5007BD4818281633005ED5F2 /* CoreGraphics.framework in Frameworks */,
				5007BD4918281633005ED5F2 /* UIKit.framework in Frameworks */,
				5007BD4718281633005ED5F2 /* Foundation.framework in Frameworks */,
			);
			runOnlyForDeploymentPostprocessing = 0;
		};
/* End PBXFrameworksBuildPhase section */

/* Begin PBXGroup section */
		5007BD4A18281633005ED5F2 /* FXColorSpaceApp */ = {
			isa = PBXGroup;
			children = (
				5007BD5318281633005ED5F2 /* FXAppDelegate.h */,
				5007BD5418281633005ED5F2 /* FXAppDelegate.m */,
				5007BD5618281633005ED5F2 /* Main.storyboard */,
				5007BD5918281633005ED5F2 /* FXViewController.h */,
				5007BD5A18281633005ED5F2 /* FXViewController.m */,
				5007BD5C18281633005ED5F2 /* Images.xcassets */,
				5007BD4B18281633005ED5F2 /* Supporting Files */,
			);
			path = FXColorSpaceApp;
			sourceTree = "<group>";
		};
		5007BD4B18281633005ED5F2 /* Supporting Files */ = {
			isa = PBXGroup;
			children = (
				5007BD4C18281633005ED5F2 /* FXColorSpaceApp-Info.plist */,
				5007BD4D18281633005ED5F2 /* InfoPlist.strings */,
				5007BD5018281633005ED5F2 /* main.m */,
				5007BD5218281633005ED5F2 /* FXColorSpaceApp-Prefix.pch */,
			);
			name = "Supporting Files";
			sourceTree = "<group>";
		};
		5049E7D41827F56600AEFD69 = {
			isa = PBXGroup;
			children = (
				5049E8391828112F00AEFD69 /* FXColorSpace.podspec */,
				5049E83A1828112F00AEFD69 /* LICENSE */,
				5049E8311827F7BA00AEFD69 /* README.md */,
				5049E7E61827F56600AEFD69 /* FXColorSpace */,
				5007BD4A18281633005ED5F2 /* FXColorSpaceApp */,
				5049E7DF1827F56600AEFD69 /* Frameworks */,
				5049E7DE1827F56600AEFD69 /* Products */,
			);
			sourceTree = "<group>";
		};
		5049E7DE1827F56600AEFD69 /* Products */ = {
			isa = PBXGroup;
			children = (
				5007BD4618281633005ED5F2 /* FXColorSpaceApp.app */,
			);
			name = Products;
			sourceTree = "<group>";
		};
		5049E7DF1827F56600AEFD69 /* Frameworks */ = {
			isa = PBXGroup;
			children = (
				5049E7E01827F56600AEFD69 /* Foundation.framework */,
				5049E7E21827F56600AEFD69 /* CoreGraphics.framework */,
				5049E7E41827F56600AEFD69 /* UIKit.framework */,
				5049E8021827F56700AEFD69 /* XCTest.framework */,
			);
			name = Frameworks;
			sourceTree = "<group>";
		};
		5049E7E61827F56600AEFD69 /* FXColorSpace */ = {
			isa = PBXGroup;
			children = (
				5007BD7818281F86005ED5F2 /* FXColorSpace.h */,
				5007BD7618281F86005ED5F2 /* FXColorModels.h */,
				5007BD7718281F86005ED5F2 /* FXColorModels.m */,
				5007BD7918281F86005ED5F2 /* UIColor+FXColorSpace.h */,
				5007BD7A18281F86005ED5F2 /* UIColor+FXColorSpace.m */,
				5007BD7B18281F86005ED5F2 /* UIImage+FXAlpha.h */,
				5007BD7C18281F86005ED5F2 /* UIImage+FXAlpha.m */,
				5007BD7D18281F86005ED5F2 /* UIImage+FXImageCreation.h */,
				5007BD7E18281F86005ED5F2 /* UIImage+FXImageCreation.m */,
				5007BD7F18281F86005ED5F2 /* UIImage+FXPixelEmumeration.h */,
				5007BD8018281F86005ED5F2 /* UIImage+FXPixelEmumeration.m */,
				5007BD8118281F86005ED5F2 /* UIImage+FXResize.h */,
				5007BD8218281F86005ED5F2 /* UIImage+FXResize.m */,
				5007BD8318281F86005ED5F2 /* UIImage+FXRoundedCorner.h */,
				5007BD8418281F86005ED5F2 /* UIImage+FXRoundedCorner.m */,
				5007BD8518281F86005ED5F2 /* UIImage+NSFastEnumeration.h */,
				5007BD8618281F86005ED5F2 /* UIImage+NSFastEnumeration.m */,
			);
			path = FXColorSpace;
			sourceTree = "<group>";
		};
/* End PBXGroup section */

/* Begin PBXNativeTarget section */
		5007BD4518281633005ED5F2 /* FXColorSpaceApp */ = {
			isa = PBXNativeTarget;
			buildConfigurationList = 5007BD7018281633005ED5F2 /* Build configuration list for PBXNativeTarget "FXColorSpaceApp" */;
			buildPhases = (
				5007BD4218281633005ED5F2 /* Sources */,
				5007BD4318281633005ED5F2 /* Frameworks */,
				5007BD4418281633005ED5F2 /* Resources */,
			);
			buildRules = (
			);
			dependencies = (
			);
			name = FXColorSpaceApp;
			productName = FXColorSpaceApp;
			productReference = 5007BD4618281633005ED5F2 /* FXColorSpaceApp.app */;
			productType = "com.apple.product-type.application";
		};
/* End PBXNativeTarget section */

/* Begin PBXProject section */
		5049E7D51827F56600AEFD69 /* Project object */ = {
			isa = PBXProject;
			attributes = {
				CLASSPREFIX = FX;
				LastUpgradeCheck = 0500;
				ORGANIZATIONNAME = "Max Lunin";
			};
			buildConfigurationList = 5049E7D81827F56600AEFD69 /* Build configuration list for PBXProject "FXColorSpace" */;
			compatibilityVersion = "Xcode 3.2";
			developmentRegion = English;
			hasScannedForEncodings = 0;
			knownRegions = (
				en,
				Base,
			);
			mainGroup = 5049E7D41827F56600AEFD69;
			productRefGroup = 5049E7DE1827F56600AEFD69 /* Products */;
			projectDirPath = "";
			projectRoot = "";
			targets = (
				5007BD4518281633005ED5F2 /* FXColorSpaceApp */,
			);
		};
/* End PBXProject section */

/* Begin PBXResourcesBuildPhase section */
		5007BD4418281633005ED5F2 /* Resources */ = {
			isa = PBXResourcesBuildPhase;
			buildActionMask = 2147483647;
			files = (
				5007BD5D18281633005ED5F2 /* Images.xcassets in Resources */,
				5007BD4F18281633005ED5F2 /* InfoPlist.strings in Resources */,
				5007BD5818281633005ED5F2 /* Main.storyboard in Resources */,
			);
			runOnlyForDeploymentPostprocessing = 0;
		};
/* End PBXResourcesBuildPhase section */

/* Begin PBXSourcesBuildPhase section */
		5007BD4218281633005ED5F2 /* Sources */ = {
			isa = PBXSourcesBuildPhase;
			buildActionMask = 2147483647;
			files = (
				5007BD8D18281F86005ED5F2 /* UIImage+FXRoundedCorner.m in Sources */,
				5007BD8918281F86005ED5F2 /* UIImage+FXAlpha.m in Sources */,
				5007BD8B18281F86005ED5F2 /* UIImage+FXPixelEmumeration.m in Sources */,
				5007BD8E18281F86005ED5F2 /* UIImage+NSFastEnumeration.m in Sources */,
				5007BD5518281633005ED5F2 /* FXAppDelegate.m in Sources */,
				5007BD8C18281F86005ED5F2 /* UIImage+FXResize.m in Sources */,
				5007BD5118281633005ED5F2 /* main.m in Sources */,
				5007BD5B18281633005ED5F2 /* FXViewController.m in Sources */,
				5007BD8718281F86005ED5F2 /* FXColorModels.m in Sources */,
				5007BD8A18281F86005ED5F2 /* UIImage+FXImageCreation.m in Sources */,
				5007BD8818281F86005ED5F2 /* UIColor+FXColorSpace.m in Sources */,
			);
			runOnlyForDeploymentPostprocessing = 0;
		};
/* End PBXSourcesBuildPhase section */

/* Begin PBXVariantGroup section */
		5007BD4D18281633005ED5F2 /* InfoPlist.strings */ = {
			isa = PBXVariantGroup;
			children = (
				5007BD4E18281633005ED5F2 /* en */,
			);
			name = InfoPlist.strings;
			sourceTree = "<group>";
		};
		5007BD5618281633005ED5F2 /* Main.storyboard */ = {
			isa = PBXVariantGroup;
			children = (
				5007BD5718281633005ED5F2 /* Base */,
			);
			name = Main.storyboard;
			sourceTree = "<group>";
		};
/* End PBXVariantGroup section */

/* Begin XCBuildConfiguration section */
		5007BD7118281633005ED5F2 /* Debug */ = {
			isa = XCBuildConfiguration;
			buildSettings = {
				ARCHS = "$(ARCHS_STANDARD_INCLUDING_64_BIT)";
				ASSETCATALOG_COMPILER_APPICON_NAME = AppIcon;
				ASSETCATALOG_COMPILER_LAUNCHIMAGE_NAME = LaunchImage;
				GCC_PRECOMPILE_PREFIX_HEADER = YES;
				GCC_PREFIX_HEADER = "FXColorSpaceApp/FXColorSpaceApp-Prefix.pch";
				GCC_PREPROCESSOR_DEFINITIONS = (
					"DEBUG=1",
					"$(inherited)",
				);
				INFOPLIST_FILE = "FXColorSpaceApp/FXColorSpaceApp-Info.plist";
				PRODUCT_NAME = "$(TARGET_NAME)";
				WRAPPER_EXTENSION = app;
			};
			name = Debug;
		};
		5007BD7218281633005ED5F2 /* Release */ = {
			isa = XCBuildConfiguration;
			buildSettings = {
				ARCHS = "$(ARCHS_STANDARD_INCLUDING_64_BIT)";
				ASSETCATALOG_COMPILER_APPICON_NAME = AppIcon;
				ASSETCATALOG_COMPILER_LAUNCHIMAGE_NAME = LaunchImage;
				GCC_PRECOMPILE_PREFIX_HEADER = YES;
				GCC_PREFIX_HEADER = "FXColorSpaceApp/FXColorSpaceApp-Prefix.pch";
				INFOPLIST_FILE = "FXColorSpaceApp/FXColorSpaceApp-Info.plist";
				PRODUCT_NAME = "$(TARGET_NAME)";
				WRAPPER_EXTENSION = app;
			};
			name = Release;
		};
		5049E8101827F56700AEFD69 /* Debug */ = {
			isa = XCBuildConfiguration;
			buildSettings = {
				ALWAYS_SEARCH_USER_PATHS = NO;
				ARCHS = "$(ARCHS_STANDARD_INCLUDING_64_BIT)";
				CLANG_CXX_LANGUAGE_STANDARD = "gnu++0x";
				CLANG_CXX_LIBRARY = "libc++";
				CLANG_ENABLE_MODULES = YES;
				CLANG_ENABLE_OBJC_ARC = YES;
				CLANG_WARN_BOOL_CONVERSION = YES;
				CLANG_WARN_CONSTANT_CONVERSION = YES;
				CLANG_WARN_DIRECT_OBJC_ISA_USAGE = YES_ERROR;
				CLANG_WARN_EMPTY_BODY = YES;
				CLANG_WARN_ENUM_CONVERSION = YES;
				CLANG_WARN_INT_CONVERSION = YES;
				CLANG_WARN_OBJC_ROOT_CLASS = YES_ERROR;
				CLANG_WARN__DUPLICATE_METHOD_MATCH = YES;
				"CODE_SIGN_IDENTITY[sdk=iphoneos*]" = "iPhone Developer";
				COPY_PHASE_STRIP = NO;
				GCC_C_LANGUAGE_STANDARD = gnu99;
				GCC_DYNAMIC_NO_PIC = NO;
				GCC_OPTIMIZATION_LEVEL = 0;
				GCC_PREPROCESSOR_DEFINITIONS = (
					"DEBUG=1",
					"$(inherited)",
				);
				GCC_SYMBOLS_PRIVATE_EXTERN = NO;
				GCC_WARN_64_TO_32_BIT_CONVERSION = YES;
				GCC_WARN_ABOUT_RETURN_TYPE = YES_ERROR;
				GCC_WARN_UNDECLARED_SELECTOR = YES;
				GCC_WARN_UNINITIALIZED_AUTOS = YES;
				GCC_WARN_UNUSED_FUNCTION = YES;
				GCC_WARN_UNUSED_VARIABLE = YES;
				IPHONEOS_DEPLOYMENT_TARGET = 7.0;
				ONLY_ACTIVE_ARCH = YES;
				SDKROOT = iphoneos;
			};
			name = Debug;
		};
		5049E8111827F56700AEFD69 /* Release */ = {
			isa = XCBuildConfiguration;
			buildSettings = {
				ALWAYS_SEARCH_USER_PATHS = NO;
				ARCHS = "$(ARCHS_STANDARD_INCLUDING_64_BIT)";
				CLANG_CXX_LANGUAGE_STANDARD = "gnu++0x";
				CLANG_CXX_LIBRARY = "libc++";
				CLANG_ENABLE_MODULES = YES;
				CLANG_ENABLE_OBJC_ARC = YES;
				CLANG_WARN_BOOL_CONVERSION = YES;
				CLANG_WARN_CONSTANT_CONVERSION = YES;
				CLANG_WARN_DIRECT_OBJC_ISA_USAGE = YES_ERROR;
				CLANG_WARN_EMPTY_BODY = YES;
				CLANG_WARN_ENUM_CONVERSION = YES;
				CLANG_WARN_INT_CONVERSION = YES;
				CLANG_WARN_OBJC_ROOT_CLASS = YES_ERROR;
				CLANG_WARN__DUPLICATE_METHOD_MATCH = YES;
				"CODE_SIGN_IDENTITY[sdk=iphoneos*]" = "iPhone Developer";
				COPY_PHASE_STRIP = YES;
				ENABLE_NS_ASSERTIONS = NO;
				GCC_C_LANGUAGE_STANDARD = gnu99;
				GCC_WARN_64_TO_32_BIT_CONVERSION = YES;
				GCC_WARN_ABOUT_RETURN_TYPE = YES_ERROR;
				GCC_WARN_UNDECLARED_SELECTOR = YES;
				GCC_WARN_UNINITIALIZED_AUTOS = YES;
				GCC_WARN_UNUSED_FUNCTION = YES;
				GCC_WARN_UNUSED_VARIABLE = YES;
				IPHONEOS_DEPLOYMENT_TARGET = 7.0;
				SDKROOT = iphoneos;
				VALIDATE_PRODUCT = YES;
			};
			name = Release;
		};
/* End XCBuildConfiguration section */

/* Begin XCConfigurationList section */
		5007BD7018281633005ED5F2 /* Build configuration list for PBXNativeTarget "FXColorSpaceApp" */ = {
			isa = XCConfigurationList;
			buildConfigurations = (
				5007BD7118281633005ED5F2 /* Debug */,
				5007BD7218281633005ED5F2 /* Release */,
			);
			defaultConfigurationIsVisible = 0;
			defaultConfigurationName = Release;
		};
		5049E7D81827F56600AEFD69 /* Build configuration list for PBXProject "FXColorSpace" */ = {
			isa = XCConfigurationList;
			buildConfigurations = (
				5049E8101827F56700AEFD69 /* Debug */,
				5049E8111827F56700AEFD69 /* Release */,
			);
			defaultConfigurationIsVisible = 0;
			defaultConfigurationName = Release;
		};
/* End XCConfigurationList section */
	};
	rootObject = 5049E7D51827F56600AEFD69 /* Project object */;
}
